
Microsoft Visual Studio Solution File, Format Version 12.00
# Visual Studio Version 17
VisualStudioVersion = 17.3.32825.248
MinimumVisualStudioVersion = 10.0.40219.1
Project("{FAE04EC0-301F-11D3-BF4B-00C04F79EFBC}") = "Week4Loops", "Week4Loops\Week4Loops.csproj", "{7367362D-728F-4EFC-A5E1-D9AD02DCB03D}"
EndProject
Project("{FAE04EC0-301F-11D3-BF4B-00C04F79EFBC}") = "ForLoopSum", "ForLoopSum\ForLoopSum.csproj", "{C4BE8FFD-465E-4920-87F4-C879857F1DDB}"
EndProject
Project("{FAE04EC0-301F-11D3-BF4B-00C04F79EFBC}") = "RandomNumber", "RandomNumber\RandomNumber.csproj", "{28301892-B24D-430D-8FC0-88D3907AFAFA}"
EndProject
Project("{FAE04EC0-301F-11D3-BF4B-00C04F79EFBC}") = "WhileLoops", "WhileLoops\WhileLoops.csproj", "{9270DB6F-E2C3-43AB-839A-6DAE860A0462}"
EndProject
Global
	GlobalSection(SolutionConfigurationPlatforms) = preSolution
		Debug|Any CPU = Debug|Any CPU
		Release|Any CPU = Release|Any CPU
	EndGlobalSection
	GlobalSection(ProjectConfigurationPlatforms) = postSolution
		{7367362D-728F-4EFC-A5E1-D9AD02DCB03D}.Debug|Any CPU.ActiveCfg = Debug|Any CPU
		{7367362D-728F-4EFC-A5E1-D9AD02DCB03D}.Debug|Any CPU.Build.0 = Debug|Any CPU
		{7367362D-728F-4EFC-A5E1-D9AD02DCB03D}.Release|Any CPU.ActiveCfg = Release|Any CPU
		{7367362D-728F-4EFC-A5E1-D9AD02DCB03D}.Release|Any CPU.Build.0 = Release|Any CPU
		{C4BE8FFD-465E-4920-87F4-C879857F1DDB}.Debug|Any CPU.ActiveCfg = Debug|Any CPU
		{C4BE8FFD-465E-4920-87F4-C879857F1DDB}.Debug|Any CPU.Build.0 = Debug|Any CPU
		{C4BE8FFD-465E-4920-87F4-C879857F1DDB}.Release|Any CPU.ActiveCfg = Release|Any CPU
		{C4BE8FFD-465E-4920-87F4-C879857F1DDB}.Release|Any CPU.Build.0 = Release|Any CPU
		{28301892-B24D-430D-8FC0-88D3907AFAFA}.Debug|Any CPU.ActiveCfg = Debug|Any CPU
		{28301892-B24D-430D-8FC0-88D3907AFAFA}.Debug|Any CPU.Build.0 = Debug|Any CPU
		{28301892-B24D-430D-8FC0-88D3907AFAFA}.Release|Any CPU.ActiveCfg = Release|Any CPU
		{28301892-B24D-430D-8FC0-88D3907AFAFA}.Release|Any CPU.Build.0 = Release|Any CPU
		{9270DB6F-E2C3-43AB-839A-6DAE860A0462}.Debug|Any CPU.ActiveCfg = Debug|Any CPU
		{9270DB6F-E2C3-43AB-839A-6DAE860A0462}.Debug|Any CPU.Build.0 = Debug|Any CPU
		{9270DB6F-E2C3-43AB-839A-6DAE860A0462}.Release|Any CPU.ActiveCfg = Release|Any CPU
		{9270DB6F-E2C3-43AB-839A-6DAE860A0462}.Release|Any CPU.Build.0 = Release|Any CPU
	EndGlobalSection
	GlobalSection(SolutionProperties) = preSolution
		HideSolutionNode = FALSE
	EndGlobalSection
	GlobalSection(ExtensibilityGlobals) = postSolution
		SolutionGuid = {4D7A90EB-CAA0-4F27-9DB4-600CD5861FBC}
	EndGlobalSection
EndGlobal
